
Microsoft Visual Studio Solution File, Format Version 12.00
# Visual Studio Version 17
VisualStudioVersion = 17.4.33205.214
MinimumVisualStudioVersion = 10.0.40219.1
Project("{FAE04EC0-301F-11D3-BF4B-00C04F79EFBC}") = "DayzTraderBuilder", "DayzTraderBuilder.csproj", "{58E0866B-2EDE-4411-8B92-652A36D7BCEE}"
EndProject
Global
	GlobalSection(SolutionConfigurationPlatforms) = preSolution
		Debug|Any CPU = Debug|Any CPU
		Release|Any CPU = Release|Any CPU
	EndGlobalSection
	GlobalSection(ProjectConfigurationPlatforms) = postSolution
		{58E0866B-2EDE-4411-8B92-652A36D7BCEE}.Debug|Any CPU.ActiveCfg = Debug|Any CPU
		{58E0866B-2EDE-4411-8B92-652A36D7BCEE}.Debug|Any CPU.Build.0 = Debug|Any CPU
		{58E0866B-2EDE-4411-8B92-652A36D7BCEE}.Release|Any CPU.ActiveCfg = Release|Any CPU
		{58E0866B-2EDE-4411-8B92-652A36D7BCEE}.Release|Any CPU.Build.0 = Release|Any CPU
	EndGlobalSection
	GlobalSection(SolutionProperties) = preSolution
		HideSolutionNode = FALSE
	EndGlobalSection
	GlobalSection(ExtensibilityGlobals) = postSolution
		SolutionGuid = {4D994CFF-5EE9-43AD-9DB2-A4F7D6DF9D78}
	EndGlobalSection
EndGlobal
